// !$*UTF8*$!
{
	archiveVersion = 1;
	classes = {
	};
	objectVersion = 50;
	objects = {

/* Begin PBXBuildFile section */
		6A9CD470224843D400560A82 /* ViewController.swift in Sources */ = {isa = PBXBuildFile; fileRef = 6A9CD465224843D400560A82 /* ViewController.swift */; };
		6A9CD471224843D400560A82 /* Assets.xcassets in Resources */ = {isa = PBXBuildFile; fileRef = 6A9CD466224843D400560A82 /* Assets.xcassets */; };
		6A9CD472224843D400560A82 /* Main.storyboard in Resources */ = {isa = PBXBuildFile; fileRef = 6A9CD467224843D400560A82 /* Main.storyboard */; };
		6A9CD476224843D400560A82 /* AppDelegate.swift in Sources */ = {isa = PBXBuildFile; fileRef = 6A9CD46E224843D400560A82 /* AppDelegate.swift */; };
		6A9CD477224843D400560A82 /* Info.plist in Resources */ = {isa = PBXBuildFile; fileRef = 6A9CD46F224843D400560A82 /* Info.plist */; };
		6AF2C4D62263FAA0007AF1E5 /* Grammar.swift in Sources */ = {isa = PBXBuildFile; fileRef = 6AF2C4B42263FAA0007AF1E5 /* Grammar.swift */; };
		6AF2C4D72263FAA0007AF1E5 /* SwiftGrammar.swift in Sources */ = {isa = PBXBuildFile; fileRef = 6AF2C4B52263FAA0007AF1E5 /* SwiftGrammar.swift */; };
		6AF2C4D82263FAA0007AF1E5 /* HTMLOutputFormat.swift in Sources */ = {isa = PBXBuildFile; fileRef = 6AF2C4B72263FAA0007AF1E5 /* HTMLOutputFormat.swift */; };
		6AF2C4D92263FAA0007AF1E5 /* OutputBuilder.swift in Sources */ = {isa = PBXBuildFile; fileRef = 6AF2C4B82263FAA0007AF1E5 /* OutputBuilder.swift */; };
		6AF2C4DA2263FAA0007AF1E5 /* AttributedStringOutputFormat.swift in Sources */ = {isa = PBXBuildFile; fileRef = 6AF2C4B92263FAA0007AF1E5 /* AttributedStringOutputFormat.swift */; };
		6AF2C4DB2263FAA0007AF1E5 /* OutputFormat.swift in Sources */ = {isa = PBXBuildFile; fileRef = 6AF2C4BA2263FAA0007AF1E5 /* OutputFormat.swift */; };
		6AF2C4DC2263FAA0007AF1E5 /* CharacterSet+Contains.swift in Sources */ = {isa = PBXBuildFile; fileRef = 6AF2C4BD2263FAA0007AF1E5 /* CharacterSet+Contains.swift */; };
		6AF2C4DD2263FAA0007AF1E5 /* Substring+HasSuffix.swift in Sources */ = {isa = PBXBuildFile; fileRef = 6AF2C4BF2263FAA0007AF1E5 /* Substring+HasSuffix.swift */; };
		6AF2C4DE2263FAA0007AF1E5 /* String+PrefixChecking.swift in Sources */ = {isa = PBXBuildFile; fileRef = 6AF2C4C02263FAA0007AF1E5 /* String+PrefixChecking.swift */; };
		6AF2C4DF2263FAA0007AF1E5 /* String+Removing.swift in Sources */ = {isa = PBXBuildFile; fileRef = 6AF2C4C12263FAA0007AF1E5 /* String+Removing.swift */; };
		6AF2C4E02263FAA0007AF1E5 /* String+IsNumber.swift in Sources */ = {isa = PBXBuildFile; fileRef = 6AF2C4C22263FAA0007AF1E5 /* String+IsNumber.swift */; };
		6AF2C4E12263FAA0007AF1E5 /* Int+IsOdd.swift in Sources */ = {isa = PBXBuildFile; fileRef = 6AF2C4C42263FAA0007AF1E5 /* Int+IsOdd.swift */; };
		6AF2C4E22263FAA0007AF1E5 /* Sequence+Occurrences.swift in Sources */ = {isa = PBXBuildFile; fileRef = 6AF2C4C62263FAA0007AF1E5 /* Sequence+Occurrences.swift */; };
		6AF2C4E32263FAA0007AF1E5 /* Sequence+AnyOf.swift in Sources */ = {isa = PBXBuildFile; fileRef = 6AF2C4C72263FAA0007AF1E5 /* Sequence+AnyOf.swift */; };
		6AF2C4E42263FAA0007AF1E5 /* Equatable+AnyOf.swift in Sources */ = {isa = PBXBuildFile; fileRef = 6AF2C4C92263FAA0007AF1E5 /* Equatable+AnyOf.swift */; };
		6AF2C4E52263FAA0007AF1E5 /* Theme+Defaults.swift in Sources */ = {isa = PBXBuildFile; fileRef = 6AF2C4CB2263FAA0007AF1E5 /* Theme+Defaults.swift */; };
		6AF2C4E62263FAA0007AF1E5 /* Theme.swift in Sources */ = {isa = PBXBuildFile; fileRef = 6AF2C4CC2263FAA0007AF1E5 /* Theme.swift */; };
		6AF2C4E72263FAA0007AF1E5 /* Font.swift in Sources */ = {isa = PBXBuildFile; fileRef = 6AF2C4CD2263FAA0007AF1E5 /* Font.swift */; };
		6AF2C4E82263FAA0007AF1E5 /* Color.swift in Sources */ = {isa = PBXBuildFile; fileRef = 6AF2C4CE2263FAA0007AF1E5 /* Color.swift */; };
		6AF2C4E92263FAA0007AF1E5 /* SyntaxRule.swift in Sources */ = {isa = PBXBuildFile; fileRef = 6AF2C4D02263FAA0007AF1E5 /* SyntaxRule.swift */; };
		6AF2C4EA2263FAA0007AF1E5 /* SyntaxHighlighter.swift in Sources */ = {isa = PBXBuildFile; fileRef = 6AF2C4D12263FAA0007AF1E5 /* SyntaxHighlighter.swift */; };
		6AF2C4EB2263FAA0007AF1E5 /* Tokenizer.swift in Sources */ = {isa = PBXBuildFile; fileRef = 6AF2C4D32263FAA0007AF1E5 /* Tokenizer.swift */; };
		6AF2C4EC2263FAA0007AF1E5 /* Segment.swift in Sources */ = {isa = PBXBuildFile; fileRef = 6AF2C4D42263FAA0007AF1E5 /* Segment.swift */; };
		6AF2C4ED2263FAA0007AF1E5 /* TokenType.swift in Sources */ = {isa = PBXBuildFile; fileRef = 6AF2C4D52263FAA0007AF1E5 /* TokenType.swift */; };
		6AF2C4EF2264591D007AF1E5 /* LISCENCE.txt in Resources */ = {isa = PBXBuildFile; fileRef = 6AF2C4EE2264591D007AF1E5 /* LISCENCE.txt */; };
/* End PBXBuildFile section */

/* Begin PBXFileReference section */
		1F79989921A3D26500C9D3C0 /* Swifter IDE.app */ = {isa = PBXFileReference; explicitFileType = wrapper.application; includeInIndex = 0; path = "Swifter IDE.app"; sourceTree = BUILT_PRODUCTS_DIR; };
		6A9CD465224843D400560A82 /* ViewController.swift */ = {isa = PBXFileReference; fileEncoding = 4; lastKnownFileType = sourcecode.swift; path = ViewController.swift; sourceTree = "<group>"; };
		6A9CD466224843D400560A82 /* Assets.xcassets */ = {isa = PBXFileReference; lastKnownFileType = folder.assetcatalog; path = Assets.xcassets; sourceTree = "<group>"; };
		6A9CD468224843D400560A82 /* Base */ = {isa = PBXFileReference; lastKnownFileType = file.storyboard; name = Base; path = Base.lproj/Main.storyboard; sourceTree = "<group>"; };
		6A9CD46D224843D400560A82 /* Swifter IDE.entitlements */ = {isa = PBXFileReference; fileEncoding = 4; lastKnownFileType = text.plist.entitlements; path = "Swifter IDE.entitlements"; sourceTree = "<group>"; };
		6A9CD46E224843D400560A82 /* AppDelegate.swift */ = {isa = PBXFileReference; fileEncoding = 4; lastKnownFileType = sourcecode.swift; path = AppDelegate.swift; sourceTree = "<group>"; };
		6A9CD46F224843D400560A82 /* Info.plist */ = {isa = PBXFileReference; fileEncoding = 4; lastKnownFileType = text.plist.xml; path = Info.plist; sourceTree = "<group>"; };
		6AF2C4B42263FAA0007AF1E5 /* Grammar.swift */ = {isa = PBXFileReference; fileEncoding = 4; lastKnownFileType = sourcecode.swift; path = Grammar.swift; sourceTree = "<group>"; };
		6AF2C4B52263FAA0007AF1E5 /* SwiftGrammar.swift */ = {isa = PBXFileReference; fileEncoding = 4; lastKnownFileType = sourcecode.swift; path = SwiftGrammar.swift; sourceTree = "<group>"; };
		6AF2C4B72263FAA0007AF1E5 /* HTMLOutputFormat.swift */ = {isa = PBXFileReference; fileEncoding = 4; lastKnownFileType = sourcecode.swift; path = HTMLOutputFormat.swift; sourceTree = "<group>"; };
		6AF2C4B82263FAA0007AF1E5 /* OutputBuilder.swift */ = {isa = PBXFileReference; fileEncoding = 4; lastKnownFileType = sourcecode.swift; path = OutputBuilder.swift; sourceTree = "<group>"; };
		6AF2C4B92263FAA0007AF1E5 /* AttributedStringOutputFormat.swift */ = {isa = PBXFileReference; fileEncoding = 4; lastKnownFileType = sourcecode.swift; path = AttributedStringOutputFormat.swift; sourceTree = "<group>"; };
		6AF2C4BA2263FAA0007AF1E5 /* OutputFormat.swift */ = {isa = PBXFileReference; fileEncoding = 4; lastKnownFileType = sourcecode.swift; path = OutputFormat.swift; sourceTree = "<group>"; };
		6AF2C4BD2263FAA0007AF1E5 /* CharacterSet+Contains.swift */ = {isa = PBXFileReference; fileEncoding = 4; lastKnownFileType = sourcecode.swift; path = "CharacterSet+Contains.swift"; sourceTree = "<group>"; };
		6AF2C4BF2263FAA0007AF1E5 /* Substring+HasSuffix.swift */ = {isa = PBXFileReference; fileEncoding = 4; lastKnownFileType = sourcecode.swift; path = "Substring+HasSuffix.swift"; sourceTree = "<group>"; };
		6AF2C4C02263FAA0007AF1E5 /* String+PrefixChecking.swift */ = {isa = PBXFileReference; fileEncoding = 4; lastKnownFileType = sourcecode.swift; path = "String+PrefixChecking.swift"; sourceTree = "<group>"; };
		6AF2C4C12263FAA0007AF1E5 /* String+Removing.swift */ = {isa = PBXFileReference; fileEncoding = 4; lastKnownFileType = sourcecode.swift; path = "String+Removing.swift"; sourceTree = "<group>"; };
		6AF2C4C22263FAA0007AF1E5 /* String+IsNumber.swift */ = {isa = PBXFileReference; fileEncoding = 4; lastKnownFileType = sourcecode.swift; path = "String+IsNumber.swift"; sourceTree = "<group>"; };
		6AF2C4C42263FAA0007AF1E5 /* Int+IsOdd.swift */ = {isa = PBXFileReference; fileEncoding = 4; lastKnownFileType = sourcecode.swift; path = "Int+IsOdd.swift"; sourceTree = "<group>"; };
		6AF2C4C62263FAA0007AF1E5 /* Sequence+Occurrences.swift */ = {isa = PBXFileReference; fileEncoding = 4; lastKnownFileType = sourcecode.swift; path = "Sequence+Occurrences.swift"; sourceTree = "<group>"; };
		6AF2C4C72263FAA0007AF1E5 /* Sequence+AnyOf.swift */ = {isa = PBXFileReference; fileEncoding = 4; lastKnownFileType = sourcecode.swift; path = "Sequence+AnyOf.swift"; sourceTree = "<group>"; };
		6AF2C4C92263FAA0007AF1E5 /* Equatable+AnyOf.swift */ = {isa = PBXFileReference; fileEncoding = 4; lastKnownFileType = sourcecode.swift; path = "Equatable+AnyOf.swift"; sourceTree = "<group>"; };
		6AF2C4CB2263FAA0007AF1E5 /* Theme+Defaults.swift */ = {isa = PBXFileReference; fileEncoding = 4; lastKnownFileType = sourcecode.swift; path = "Theme+Defaults.swift"; sourceTree = "<group>"; };
		6AF2C4CC2263FAA0007AF1E5 /* Theme.swift */ = {isa = PBXFileReference; fileEncoding = 4; lastKnownFileType = sourcecode.swift; path = Theme.swift; sourceTree = "<group>"; };
		6AF2C4CD2263FAA0007AF1E5 /* Font.swift */ = {isa = PBXFileReference; fileEncoding = 4; lastKnownFileType = sourcecode.swift; path = Font.swift; sourceTree = "<group>"; };
		6AF2C4CE2263FAA0007AF1E5 /* Color.swift */ = {isa = PBXFileReference; fileEncoding = 4; lastKnownFileType = sourcecode.swift; path = Color.swift; sourceTree = "<group>"; };
		6AF2C4D02263FAA0007AF1E5 /* SyntaxRule.swift */ = {isa = PBXFileReference; fileEncoding = 4; lastKnownFileType = sourcecode.swift; path = SyntaxRule.swift; sourceTree = "<group>"; };
		6AF2C4D12263FAA0007AF1E5 /* SyntaxHighlighter.swift */ = {isa = PBXFileReference; fileEncoding = 4; lastKnownFileType = sourcecode.swift; path = SyntaxHighlighter.swift; sourceTree = "<group>"; };
		6AF2C4D32263FAA0007AF1E5 /* Tokenizer.swift */ = {isa = PBXFileReference; fileEncoding = 4; lastKnownFileType = sourcecode.swift; path = Tokenizer.swift; sourceTree = "<group>"; };
		6AF2C4D42263FAA0007AF1E5 /* Segment.swift */ = {isa = PBXFileReference; fileEncoding = 4; lastKnownFileType = sourcecode.swift; path = Segment.swift; sourceTree = "<group>"; };
		6AF2C4D52263FAA0007AF1E5 /* TokenType.swift */ = {isa = PBXFileReference; fileEncoding = 4; lastKnownFileType = sourcecode.swift; path = TokenType.swift; sourceTree = "<group>"; };
		6AF2C4EE2264591D007AF1E5 /* LISCENCE.txt */ = {isa = PBXFileReference; fileEncoding = 4; lastKnownFileType = text; path = LISCENCE.txt; sourceTree = "<group>"; };
/* End PBXFileReference section */

/* Begin PBXFrameworksBuildPhase section */
		1F79989621A3D26500C9D3C0 /* Frameworks */ = {
			isa = PBXFrameworksBuildPhase;
			buildActionMask = 2147483647;
			files = (
			);
			runOnlyForDeploymentPostprocessing = 0;
		};
/* End PBXFrameworksBuildPhase section */

/* Begin PBXGroup section */
		1F79989021A3D26500C9D3C0 = {
			isa = PBXGroup;
			children = (
				6A9CD464224843D400560A82 /* Swifter IDE */,
				1F79989A21A3D26500C9D3C0 /* Products */,
			);
			sourceTree = "<group>";
		};
		1F79989A21A3D26500C9D3C0 /* Products */ = {
			isa = PBXGroup;
			children = (
				1F79989921A3D26500C9D3C0 /* Swifter IDE.app */,
			);
			name = Products;
			sourceTree = "<group>";
		};
		6A9CD464224843D400560A82 /* Swifter IDE */ = {
			isa = PBXGroup;
			children = (
				6AF2C4B22263FAA0007AF1E5 /* Splash */,
				6A9CD465224843D400560A82 /* ViewController.swift */,
				6A9CD466224843D400560A82 /* Assets.xcassets */,
				6A9CD467224843D400560A82 /* Main.storyboard */,
				6A9CD46D224843D400560A82 /* Swifter IDE.entitlements */,
				6A9CD46E224843D400560A82 /* AppDelegate.swift */,
				6A9CD46F224843D400560A82 /* Info.plist */,
			);
			path = "Swifter IDE";
			sourceTree = "<group>";
		};
		6AF2C4B22263FAA0007AF1E5 /* Splash */ = {
			isa = PBXGroup;
			children = (
				6AF2C4EE2264591D007AF1E5 /* LISCENCE.txt */,
				6AF2C4B32263FAA0007AF1E5 /* Grammar */,
				6AF2C4B62263FAA0007AF1E5 /* Output */,
				6AF2C4BB2263FAA0007AF1E5 /* Extensions */,
				6AF2C4CA2263FAA0007AF1E5 /* Theming */,
				6AF2C4CF2263FAA0007AF1E5 /* Syntax */,
				6AF2C4D22263FAA0007AF1E5 /* Tokenizing */,
			);
			path = Splash;
			sourceTree = "<group>";
		};
		6AF2C4B32263FAA0007AF1E5 /* Grammar */ = {
			isa = PBXGroup;
			children = (
				6AF2C4B42263FAA0007AF1E5 /* Grammar.swift */,
				6AF2C4B52263FAA0007AF1E5 /* SwiftGrammar.swift */,
			);
			path = Grammar;
			sourceTree = "<group>";
		};
		6AF2C4B62263FAA0007AF1E5 /* Output */ = {
			isa = PBXGroup;
			children = (
				6AF2C4B72263FAA0007AF1E5 /* HTMLOutputFormat.swift */,
				6AF2C4B82263FAA0007AF1E5 /* OutputBuilder.swift */,
				6AF2C4B92263FAA0007AF1E5 /* AttributedStringOutputFormat.swift */,
				6AF2C4BA2263FAA0007AF1E5 /* OutputFormat.swift */,
			);
			path = Output;
			sourceTree = "<group>";
		};
		6AF2C4BB2263FAA0007AF1E5 /* Extensions */ = {
			isa = PBXGroup;
			children = (
				6AF2C4BC2263FAA0007AF1E5 /* CharacterSet */,
				6AF2C4BE2263FAA0007AF1E5 /* Strings */,
				6AF2C4C32263FAA0007AF1E5 /* Int */,
				6AF2C4C52263FAA0007AF1E5 /* Sequence */,
				6AF2C4C82263FAA0007AF1E5 /* Equatable */,
			);
			path = Extensions;
			sourceTree = "<group>";
		};
		6AF2C4BC2263FAA0007AF1E5 /* CharacterSet */ = {
			isa = PBXGroup;
			children = (
				6AF2C4BD2263FAA0007AF1E5 /* CharacterSet+Contains.swift */,
			);
			path = CharacterSet;
			sourceTree = "<group>";
		};
		6AF2C4BE2263FAA0007AF1E5 /* Strings */ = {
			isa = PBXGroup;
			children = (
				6AF2C4BF2263FAA0007AF1E5 /* Substring+HasSuffix.swift */,
				6AF2C4C02263FAA0007AF1E5 /* String+PrefixChecking.swift */,
				6AF2C4C12263FAA0007AF1E5 /* String+Removing.swift */,
				6AF2C4C22263FAA0007AF1E5 /* String+IsNumber.swift */,
			);
			path = Strings;
			sourceTree = "<group>";
		};
		6AF2C4C32263FAA0007AF1E5 /* Int */ = {
			isa = PBXGroup;
			children = (
				6AF2C4C42263FAA0007AF1E5 /* Int+IsOdd.swift */,
			);
			path = Int;
			sourceTree = "<group>";
		};
		6AF2C4C52263FAA0007AF1E5 /* Sequence */ = {
			isa = PBXGroup;
			children = (
				6AF2C4C62263FAA0007AF1E5 /* Sequence+Occurrences.swift */,
				6AF2C4C72263FAA0007AF1E5 /* Sequence+AnyOf.swift */,
			);
			path = Sequence;
			sourceTree = "<group>";
		};
		6AF2C4C82263FAA0007AF1E5 /* Equatable */ = {
			isa = PBXGroup;
			children = (
				6AF2C4C92263FAA0007AF1E5 /* Equatable+AnyOf.swift */,
			);
			path = Equatable;
			sourceTree = "<group>";
		};
		6AF2C4CA2263FAA0007AF1E5 /* Theming */ = {
			isa = PBXGroup;
			children = (
				6AF2C4CB2263FAA0007AF1E5 /* Theme+Defaults.swift */,
				6AF2C4CC2263FAA0007AF1E5 /* Theme.swift */,
				6AF2C4CD2263FAA0007AF1E5 /* Font.swift */,
				6AF2C4CE2263FAA0007AF1E5 /* Color.swift */,
			);
			path = Theming;
			sourceTree = "<group>";
		};
		6AF2C4CF2263FAA0007AF1E5 /* Syntax */ = {
			isa = PBXGroup;
			children = (
				6AF2C4D02263FAA0007AF1E5 /* SyntaxRule.swift */,
				6AF2C4D12263FAA0007AF1E5 /* SyntaxHighlighter.swift */,
			);
			path = Syntax;
			sourceTree = "<group>";
		};
		6AF2C4D22263FAA0007AF1E5 /* Tokenizing */ = {
			isa = PBXGroup;
			children = (
				6AF2C4D32263FAA0007AF1E5 /* Tokenizer.swift */,
				6AF2C4D42263FAA0007AF1E5 /* Segment.swift */,
				6AF2C4D52263FAA0007AF1E5 /* TokenType.swift */,
			);
			path = Tokenizing;
			sourceTree = "<group>";
		};
/* End PBXGroup section */

/* Begin PBXNativeTarget section */
		1F79989821A3D26500C9D3C0 /* Swifter IDE */ = {
			isa = PBXNativeTarget;
			buildConfigurationList = 1F7998A921A3D26B00C9D3C0 /* Build configuration list for PBXNativeTarget "Swifter IDE" */;
			buildPhases = (
				1F79989521A3D26500C9D3C0 /* Sources */,
				1F79989621A3D26500C9D3C0 /* Frameworks */,
				1F79989721A3D26500C9D3C0 /* Resources */,
			);
			buildRules = (
			);
			dependencies = (
			);
			name = "Swifter IDE";
			productName = "2 IDE Swift FIle Editor";
			productReference = 1F79989921A3D26500C9D3C0 /* Swifter IDE.app */;
			productType = "com.apple.product-type.application";
		};
/* End PBXNativeTarget section */

/* Begin PBXProject section */
		1F79989121A3D26500C9D3C0 /* Project object */ = {
			isa = PBXProject;
			attributes = {
				LastSwiftUpdateCheck = 1010;
				LastUpgradeCheck = 1010;
				ORGANIZATIONNAME = organization;
				TargetAttributes = {
					1F79989821A3D26500C9D3C0 = {
						CreatedOnToolsVersion = 10.1;
					};
				};
			};
			buildConfigurationList = 1F79989421A3D26500C9D3C0 /* Build configuration list for PBXProject "Swifter IDE" */;
			compatibilityVersion = "Xcode 9.3";
			developmentRegion = en;
			hasScannedForEncodings = 0;
			knownRegions = (
				en,
				Base,
			);
			mainGroup = 1F79989021A3D26500C9D3C0;
			productRefGroup = 1F79989A21A3D26500C9D3C0 /* Products */;
			projectDirPath = "";
			projectRoot = "";
			targets = (
				1F79989821A3D26500C9D3C0 /* Swifter IDE */,
			);
		};
/* End PBXProject section */

/* Begin PBXResourcesBuildPhase section */
		1F79989721A3D26500C9D3C0 /* Resources */ = {
			isa = PBXResourcesBuildPhase;
			buildActionMask = 2147483647;
			files = (
				6AF2C4EF2264591D007AF1E5 /* LISCENCE.txt in Resources */,
				6A9CD471224843D400560A82 /* Assets.xcassets in Resources */,
				6A9CD477224843D400560A82 /* Info.plist in Resources */,
				6A9CD472224843D400560A82 /* Main.storyboard in Resources */,
			);
			runOnlyForDeploymentPostprocessing = 0;
		};
/* End PBXResourcesBuildPhase section */

/* Begin PBXSourcesBuildPhase section */
		1F79989521A3D26500C9D3C0 /* Sources */ = {
			isa = PBXSourcesBuildPhase;
			buildActionMask = 2147483647;
			files = (
				6AF2C4E32263FAA0007AF1E5 /* Sequence+AnyOf.swift in Sources */,
				6AF2C4EC2263FAA0007AF1E5 /* Segment.swift in Sources */,
				6A9CD476224843D400560A82 /* AppDelegate.swift in Sources */,
				6AF2C4E82263FAA0007AF1E5 /* Color.swift in Sources */,
				6AF2C4DE2263FAA0007AF1E5 /* String+PrefixChecking.swift in Sources */,
				6AF2C4E02263FAA0007AF1E5 /* String+IsNumber.swift in Sources */,
				6AF2C4DA2263FAA0007AF1E5 /* AttributedStringOutputFormat.swift in Sources */,
				6AF2C4E22263FAA0007AF1E5 /* Sequence+Occurrences.swift in Sources */,
				6AF2C4D82263FAA0007AF1E5 /* HTMLOutputFormat.swift in Sources */,
				6AF2C4DD2263FAA0007AF1E5 /* Substring+HasSuffix.swift in Sources */,
				6AF2C4DF2263FAA0007AF1E5 /* String+Removing.swift in Sources */,
				6AF2C4DC2263FAA0007AF1E5 /* CharacterSet+Contains.swift in Sources */,
				6AF2C4D92263FAA0007AF1E5 /* OutputBuilder.swift in Sources */,
				6AF2C4D72263FAA0007AF1E5 /* SwiftGrammar.swift in Sources */,
				6AF2C4EB2263FAA0007AF1E5 /* Tokenizer.swift in Sources */,
				6AF2C4E72263FAA0007AF1E5 /* Font.swift in Sources */,
				6AF2C4E42263FAA0007AF1E5 /* Equatable+AnyOf.swift in Sources */,
				6AF2C4E62263FAA0007AF1E5 /* Theme.swift in Sources */,
				6AF2C4E52263FAA0007AF1E5 /* Theme+Defaults.swift in Sources */,
				6AF2C4ED2263FAA0007AF1E5 /* TokenType.swift in Sources */,
				6A9CD470224843D400560A82 /* ViewController.swift in Sources */,
				6AF2C4E12263FAA0007AF1E5 /* Int+IsOdd.swift in Sources */,
				6AF2C4D62263FAA0007AF1E5 /* Grammar.swift in Sources */,
				6AF2C4E92263FAA0007AF1E5 /* SyntaxRule.swift in Sources */,
				6AF2C4EA2263FAA0007AF1E5 /* SyntaxHighlighter.swift in Sources */,
				6AF2C4DB2263FAA0007AF1E5 /* OutputFormat.swift in Sources */,
			);
			runOnlyForDeploymentPostprocessing = 0;
		};
/* End PBXSourcesBuildPhase section */

/* Begin PBXVariantGroup section */
		6A9CD467224843D400560A82 /* Main.storyboard */ = {
			isa = PBXVariantGroup;
			children = (
				6A9CD468224843D400560A82 /* Base */,
			);
			name = Main.storyboard;
			sourceTree = "<group>";
		};
/* End PBXVariantGroup section */

/* Begin XCBuildConfiguration section */
		1F7998A721A3D26B00C9D3C0 /* Debug */ = {
			isa = XCBuildConfiguration;
			buildSettings = {
				ALWAYS_SEARCH_USER_PATHS = NO;
				CLANG_ANALYZER_NONNULL = YES;
				CLANG_ANALYZER_NUMBER_OBJECT_CONVERSION = YES_AGGRESSIVE;
				CLANG_CXX_LANGUAGE_STANDARD = "gnu++14";
				CLANG_CXX_LIBRARY = "libc++";
				CLANG_ENABLE_MODULES = YES;
				CLANG_ENABLE_OBJC_ARC = YES;
				CLANG_ENABLE_OBJC_WEAK = YES;
				CLANG_WARN_BLOCK_CAPTURE_AUTORELEASING = YES;
				CLANG_WARN_BOOL_CONVERSION = YES;
				CLANG_WARN_COMMA = YES;
				CLANG_WARN_CONSTANT_CONVERSION = YES;
				CLANG_WARN_DEPRECATED_OBJC_IMPLEMENTATIONS = YES;
				CLANG_WARN_DIRECT_OBJC_ISA_USAGE = YES_ERROR;
				CLANG_WARN_DOCUMENTATION_COMMENTS = YES;
				CLANG_WARN_EMPTY_BODY = YES;
				CLANG_WARN_ENUM_CONVERSION = YES;
				CLANG_WARN_INFINITE_RECURSION = YES;
				CLANG_WARN_INT_CONVERSION = YES;
				CLANG_WARN_NON_LITERAL_NULL_CONVERSION = YES;
				CLANG_WARN_OBJC_IMPLICIT_RETAIN_SELF = YES;
				CLANG_WARN_OBJC_LITERAL_CONVERSION = YES;
				CLANG_WARN_OBJC_ROOT_CLASS = YES_ERROR;
				CLANG_WARN_RANGE_LOOP_ANALYSIS = YES;
				CLANG_WARN_STRICT_PROTOTYPES = YES;
				CLANG_WARN_SUSPICIOUS_MOVE = YES;
				CLANG_WARN_UNGUARDED_AVAILABILITY = YES_AGGRESSIVE;
				CLANG_WARN_UNREACHABLE_CODE = YES;
				CLANG_WARN__DUPLICATE_METHOD_MATCH = YES;
				CODE_SIGN_IDENTITY = "-";
				COPY_PHASE_STRIP = NO;
				DEBUG_INFORMATION_FORMAT = dwarf;
				ENABLE_STRICT_OBJC_MSGSEND = YES;
				ENABLE_TESTABILITY = YES;
				GCC_C_LANGUAGE_STANDARD = gnu11;
				GCC_DYNAMIC_NO_PIC = NO;
				GCC_NO_COMMON_BLOCKS = YES;
				GCC_OPTIMIZATION_LEVEL = 0;
				GCC_PREPROCESSOR_DEFINITIONS = (
					"DEBUG=1",
					"$(inherited)",
				);
				GCC_WARN_64_TO_32_BIT_CONVERSION = YES;
				GCC_WARN_ABOUT_RETURN_TYPE = YES_ERROR;
				GCC_WARN_UNDECLARED_SELECTOR = YES;
				GCC_WARN_UNINITIALIZED_AUTOS = YES_AGGRESSIVE;
				GCC_WARN_UNUSED_FUNCTION = YES;
				GCC_WARN_UNUSED_VARIABLE = YES;
				MACOSX_DEPLOYMENT_TARGET = 10.14;
				MTL_ENABLE_DEBUG_INFO = INCLUDE_SOURCE;
				MTL_FAST_MATH = YES;
				ONLY_ACTIVE_ARCH = YES;
				SDKROOT = macosx;
				SWIFT_ACTIVE_COMPILATION_CONDITIONS = DEBUG;
				SWIFT_OPTIMIZATION_LEVEL = "-Onone";
			};
			name = Debug;
		};
		1F7998A821A3D26B00C9D3C0 /* Release */ = {
			isa = XCBuildConfiguration;
			buildSettings = {
				ALWAYS_SEARCH_USER_PATHS = NO;
				CLANG_ANALYZER_NONNULL = YES;
				CLANG_ANALYZER_NUMBER_OBJECT_CONVERSION = YES_AGGRESSIVE;
				CLANG_CXX_LANGUAGE_STANDARD = "gnu++14";
				CLANG_CXX_LIBRARY = "libc++";
				CLANG_ENABLE_MODULES = YES;
				CLANG_ENABLE_OBJC_ARC = YES;
				CLANG_ENABLE_OBJC_WEAK = YES;
				CLANG_WARN_BLOCK_CAPTURE_AUTORELEASING = YES;
				CLANG_WARN_BOOL_CONVERSION = YES;
				CLANG_WARN_COMMA = YES;
				CLANG_WARN_CONSTANT_CONVERSION = YES;
				CLANG_WARN_DEPRECATED_OBJC_IMPLEMENTATIONS = YES;
				CLANG_WARN_DIRECT_OBJC_ISA_USAGE = YES_ERROR;
				CLANG_WARN_DOCUMENTATION_COMMENTS = YES;
				CLANG_WARN_EMPTY_BODY = YES;
				CLANG_WARN_ENUM_CONVERSION = YES;
				CLANG_WARN_INFINITE_RECURSION = YES;
				CLANG_WARN_INT_CONVERSION = YES;
				CLANG_WARN_NON_LITERAL_NULL_CONVERSION = YES;
				CLANG_WARN_OBJC_IMPLICIT_RETAIN_SELF = YES;
				CLANG_WARN_OBJC_LITERAL_CONVERSION = YES;
				CLANG_WARN_OBJC_ROOT_CLASS = YES_ERROR;
				CLANG_WARN_RANGE_LOOP_ANALYSIS = YES;
				CLANG_WARN_STRICT_PROTOTYPES = YES;
				CLANG_WARN_SUSPICIOUS_MOVE = YES;
				CLANG_WARN_UNGUARDED_AVAILABILITY = YES_AGGRESSIVE;
				CLANG_WARN_UNREACHABLE_CODE = YES;
				CLANG_WARN__DUPLICATE_METHOD_MATCH = YES;
				CODE_SIGN_IDENTITY = "-";
				COPY_PHASE_STRIP = NO;
				DEBUG_INFORMATION_FORMAT = "dwarf-with-dsym";
				ENABLE_NS_ASSERTIONS = NO;
				ENABLE_STRICT_OBJC_MSGSEND = YES;
				GCC_C_LANGUAGE_STANDARD = gnu11;
				GCC_NO_COMMON_BLOCKS = YES;
				GCC_WARN_64_TO_32_BIT_CONVERSION = YES;
				GCC_WARN_ABOUT_RETURN_TYPE = YES_ERROR;
				GCC_WARN_UNDECLARED_SELECTOR = YES;
				GCC_WARN_UNINITIALIZED_AUTOS = YES_AGGRESSIVE;
				GCC_WARN_UNUSED_FUNCTION = YES;
				GCC_WARN_UNUSED_VARIABLE = YES;
				MACOSX_DEPLOYMENT_TARGET = 10.14;
				MTL_ENABLE_DEBUG_INFO = NO;
				MTL_FAST_MATH = YES;
				SDKROOT = macosx;
				SWIFT_COMPILATION_MODE = wholemodule;
				SWIFT_OPTIMIZATION_LEVEL = "-O";
			};
			name = Release;
		};
		1F7998AA21A3D26B00C9D3C0 /* Debug */ = {
			isa = XCBuildConfiguration;
			buildSettings = {
				ASSETCATALOG_COMPILER_APPICON_NAME = AppIcon;
				CODE_SIGN_ENTITLEMENTS = "Swifter IDE/Swifter IDE.entitlements";
				CODE_SIGN_STYLE = Automatic;
				COMBINE_HIDPI_IMAGES = YES;
				INFOPLIST_FILE = "Swifter IDE/Info.plist";
				LD_RUNPATH_SEARCH_PATHS = (
					"$(inherited)",
					"@executable_path/../Frameworks",
				);
				PRODUCT_BUNDLE_IDENTIFIER = com.IsaacRaval.SwiftIDE;
				PRODUCT_NAME = "$(TARGET_NAME)";
				SWIFT_VERSION = 4.2;
			};
			name = Debug;
		};
		1F7998AB21A3D26B00C9D3C0 /* Release */ = {
			isa = XCBuildConfiguration;
			buildSettings = {
				ASSETCATALOG_COMPILER_APPICON_NAME = AppIcon;
				CODE_SIGN_ENTITLEMENTS = "Swifter IDE/Swifter IDE.entitlements";
				CODE_SIGN_STYLE = Automatic;
				COMBINE_HIDPI_IMAGES = YES;
				INFOPLIST_FILE = "Swifter IDE/Info.plist";
				LD_RUNPATH_SEARCH_PATHS = (
					"$(inherited)",
					"@executable_path/../Frameworks",
				);
				PRODUCT_BUNDLE_IDENTIFIER = com.IsaacRaval.SwiftIDE;
				PRODUCT_NAME = "$(TARGET_NAME)";
				SWIFT_VERSION = 4.2;
			};
			name = Release;
		};
/* End XCBuildConfiguration section */

/* Begin XCConfigurationList section */
		1F79989421A3D26500C9D3C0 /* Build configuration list for PBXProject "Swifter IDE" */ = {
			isa = XCConfigurationList;
			buildConfigurations = (
				1F7998A721A3D26B00C9D3C0 /* Debug */,
				1F7998A821A3D26B00C9D3C0 /* Release */,
			);
			defaultConfigurationIsVisible = 0;
			defaultConfigurationName = Release;
		};
		1F7998A921A3D26B00C9D3C0 /* Build configuration list for PBXNativeTarget "Swifter IDE" */ = {
			isa = XCConfigurationList;
			buildConfigurations = (
				1F7998AA21A3D26B00C9D3C0 /* Debug */,
				1F7998AB21A3D26B00C9D3C0 /* Release */,
			);
			defaultConfigurationIsVisible = 0;
			defaultConfigurationName = Release;
		};
/* End XCConfigurationList section */
	};
	rootObject = 1F79989121A3D26500C9D3C0 /* Project object */;
}
